{
  "originHash" : "3df9a94f839f2f203399c5af92dc8d86055e2f5c2425efbf8de02583139aba69",
  "pins" : [
    {
      "identity" : "swift-system",
      "kind" : "remoteSourceControl",
      "location" : "https://github.com/apple/swift-system",
      "state" : {
        "revision" : "f9266c85189c2751589a50ea5aec72799797e471",
        "version" : "1.3.0"
      }
    }
  ],
  "version" : 3
}
